
Microsoft Visual Studio Solution File, Format Version 12.00
# Visual Studio Version 16
VisualStudioVersion = 16.0.31402.337
MinimumVisualStudioVersion = 10.0.40219.1
Project("{9A19103F-16F7-4668-BE54-9A1E7A4F7556}") = "ERP Task", "ERP Task\ERP Task.csproj", "{C1496085-234C-4800-861B-2B4FF6538FF5}"
EndProject
Project("{9A19103F-16F7-4668-BE54-9A1E7A4F7556}") = "DAL", "DAL\DAL.csproj", "{BFF7DEB2-1ADF-428F-8260-36249FC83EBB}"
EndProject
Project("{9A19103F-16F7-4668-BE54-9A1E7A4F7556}") = "BL", "Repository\BL.csproj", "{041E111F-7D02-4D3B-8BF8-0A9DB3D247C2}"
EndProject
Global
	GlobalSection(SolutionConfigurationPlatforms) = preSolution
		Debug|Any CPU = Debug|Any CPU
		Release|Any CPU = Release|Any CPU
	EndGlobalSection
	GlobalSection(ProjectConfigurationPlatforms) = postSolution
		{C1496085-234C-4800-861B-2B4FF6538FF5}.Debug|Any CPU.ActiveCfg = Debug|Any CPU
		{C1496085-234C-4800-861B-2B4FF6538FF5}.Debug|Any CPU.Build.0 = Debug|Any CPU
		{C1496085-234C-4800-861B-2B4FF6538FF5}.Release|Any CPU.ActiveCfg = Release|Any CPU
		{C1496085-234C-4800-861B-2B4FF6538FF5}.Release|Any CPU.Build.0 = Release|Any CPU
		{BFF7DEB2-1ADF-428F-8260-36249FC83EBB}.Debug|Any CPU.ActiveCfg = Debug|Any CPU
		{BFF7DEB2-1ADF-428F-8260-36249FC83EBB}.Debug|Any CPU.Build.0 = Debug|Any CPU
		{BFF7DEB2-1ADF-428F-8260-36249FC83EBB}.Release|Any CPU.ActiveCfg = Release|Any CPU
		{BFF7DEB2-1ADF-428F-8260-36249FC83EBB}.Release|Any CPU.Build.0 = Release|Any CPU
		{041E111F-7D02-4D3B-8BF8-0A9DB3D247C2}.Debug|Any CPU.ActiveCfg = Debug|Any CPU
		{041E111F-7D02-4D3B-8BF8-0A9DB3D247C2}.Debug|Any CPU.Build.0 = Debug|Any CPU
		{041E111F-7D02-4D3B-8BF8-0A9DB3D247C2}.Release|Any CPU.ActiveCfg = Release|Any CPU
		{041E111F-7D02-4D3B-8BF8-0A9DB3D247C2}.Release|Any CPU.Build.0 = Release|Any CPU
	EndGlobalSection
	GlobalSection(SolutionProperties) = preSolution
		HideSolutionNode = FALSE
	EndGlobalSection
	GlobalSection(ExtensibilityGlobals) = postSolution
		SolutionGuid = {0EBACFD4-073C-4036-BEE3-35FBC99F9F5B}
	EndGlobalSection
EndGlobal
